
Microsoft Visual Studio Solution File, Format Version 12.00
# Visual Studio Version 17
VisualStudioVersion = 17.4.33213.308
MinimumVisualStudioVersion = 10.0.40219.1
Project("{FAE04EC0-301F-11D3-BF4B-00C04F79EFBC}") = "UniversityDbApi", "UniversityDbApi\UniversityDbApi.csproj", "{58BE1C83-C263-4195-9041-0C63B07E2C4C}"
EndProject
Global
	GlobalSection(SolutionConfigurationPlatforms) = preSolution
		Debug|Any CPU = Debug|Any CPU
		Release|Any CPU = Release|Any CPU
	EndGlobalSection
	GlobalSection(ProjectConfigurationPlatforms) = postSolution
		{58BE1C83-C263-4195-9041-0C63B07E2C4C}.Debug|Any CPU.ActiveCfg = Debug|Any CPU
		{58BE1C83-C263-4195-9041-0C63B07E2C4C}.Debug|Any CPU.Build.0 = Debug|Any CPU
		{58BE1C83-C263-4195-9041-0C63B07E2C4C}.Release|Any CPU.ActiveCfg = Release|Any CPU
		{58BE1C83-C263-4195-9041-0C63B07E2C4C}.Release|Any CPU.Build.0 = Release|Any CPU
	EndGlobalSection
	GlobalSection(SolutionProperties) = preSolution
		HideSolutionNode = FALSE
	EndGlobalSection
	GlobalSection(ExtensibilityGlobals) = postSolution
		SolutionGuid = {B4E6834A-6C96-4C93-943D-42EC84E0531B}
	EndGlobalSection
EndGlobal
